// !$*UTF8*$!
{
	archiveVersion = 1;
	classes = {
	};
	objectVersion = 51;
	objects = {

/* Begin PBXBuildFile section */
		241DCC8FC467345259D95C5F /* Pods_Hoot_HootTests.framework in Frameworks */ = {isa = PBXBuildFile; fileRef = 5AEB865F715D84EADC8300F4 /* Pods_Hoot_HootTests.framework */; };
		39AA38E91F495C37043AF27C /* Pods_Hoot_HootUITests.framework in Frameworks */ = {isa = PBXBuildFile; fileRef = 040C446301DC9047A6F9D31C /* Pods_Hoot_HootUITests.framework */; };
		486C94FE231AC3BA0071B94F /* Notice.swift in Sources */ = {isa = PBXBuildFile; fileRef = 486C94FD231AC3BA0071B94F /* Notice.swift */; };
		486C9509231AC79E0071B94F /* Observation.swift in Sources */ = {isa = PBXBuildFile; fileRef = 486C9508231AC79E0071B94F /* Observation.swift */; };
		487166062322884F00D63E4D /* Add.storyboard in Resources */ = {isa = PBXBuildFile; fileRef = 487166082322884F00D63E4D /* Add.storyboard */; };
		4871660B2322886C00D63E4D /* Detail.storyboard in Resources */ = {isa = PBXBuildFile; fileRef = 4871660D2322886C00D63E4D /* Detail.storyboard */; };
		487166102322887900D63E4D /* Login.storyboard in Resources */ = {isa = PBXBuildFile; fileRef = 487166122322887900D63E4D /* Login.storyboard */; };
		488407FF23216600005FB263 /* SyncAndDeleteTests.swift in Sources */ = {isa = PBXBuildFile; fileRef = 488407FE23216600005FB263 /* SyncAndDeleteTests.swift */; };
		48AA58C7231EC50B00D8A26B /* OwnObservationExtension.swift in Sources */ = {isa = PBXBuildFile; fileRef = 48AA58C6231EC50B00D8A26B /* OwnObservationExtension.swift */; };
		48AA58CC231EDF0900D8A26B /* OwnObservation+CoreDataClass.swift in Sources */ = {isa = PBXBuildFile; fileRef = 48AA58CA231EDF0900D8A26B /* OwnObservation+CoreDataClass.swift */; };
		48AA58CF231EDF0900D8A26B /* OwnObservation+CoreDataProperties.swift in Sources */ = {isa = PBXBuildFile; fileRef = 48AA58CB231EDF0900D8A26B /* OwnObservation+CoreDataProperties.swift */; };
		48B37E98231D4DFE00BA5387 /* DetailViewController.swift in Sources */ = {isa = PBXBuildFile; fileRef = 48B37E97231D4DFE00BA5387 /* DetailViewController.swift */; };
		48B37E9C231D89ED00BA5387 /* SyncObservations.swift in Sources */ = {isa = PBXBuildFile; fileRef = 48B37E9B231D89ED00BA5387 /* SyncObservations.swift */; };
		48BC8527231AAD91002F6543 /* AppDelegate.swift in Sources */ = {isa = PBXBuildFile; fileRef = 48BC8526231AAD91002F6543 /* AppDelegate.swift */; };
		48BC852C231AAD91002F6543 /* Main.storyboard in Resources */ = {isa = PBXBuildFile; fileRef = 48BC852A231AAD91002F6543 /* Main.storyboard */; };
		48BC852F231AAD91002F6543 /* Hoot.xcdatamodeld in Sources */ = {isa = PBXBuildFile; fileRef = 48BC852D231AAD91002F6543 /* Hoot.xcdatamodeld */; };
		48BC8531231AAD93002F6543 /* Assets.xcassets in Resources */ = {isa = PBXBuildFile; fileRef = 48BC8530231AAD93002F6543 /* Assets.xcassets */; };
		48BC8534231AAD93002F6543 /* LaunchScreen.storyboard in Resources */ = {isa = PBXBuildFile; fileRef = 48BC8532231AAD93002F6543 /* LaunchScreen.storyboard */; };
		48BC854A231AAD93002F6543 /* HootUITests.swift in Sources */ = {isa = PBXBuildFile; fileRef = 48BC8549231AAD93002F6543 /* HootUITests.swift */; };
		48BEBC6D231ACEF000ABF780 /* MainCell.swift in Sources */ = {isa = PBXBuildFile; fileRef = 48BEBC6C231ACEF000ABF780 /* MainCell.swift */; };
		48BEBC77231ADBF500ABF780 /* MainItem.swift in Sources */ = {isa = PBXBuildFile; fileRef = 48BEBC76231ADBF500ABF780 /* MainItem.swift */; };
		48CBD17B2320EA5500F4D681 /* AddTests.swift in Sources */ = {isa = PBXBuildFile; fileRef = 48CBD17A2320EA5500F4D681 /* AddTests.swift */; };
		48CBD1802320F8DF00F4D681 /* MainTests.swift in Sources */ = {isa = PBXBuildFile; fileRef = 48CBD17F2320F8DF00F4D681 /* MainTests.swift */; };
		48E2155A231AB1F300A36A6B /* GoogleService-Info.plist in Resources */ = {isa = PBXBuildFile; fileRef = 48E21559231AB1F300A36A6B /* GoogleService-Info.plist */; };
		48E2155B231AB1F300A36A6B /* GoogleService-Info.plist in Resources */ = {isa = PBXBuildFile; fileRef = 48E21559231AB1F300A36A6B /* GoogleService-Info.plist */; };
		48E2155C231AB1F300A36A6B /* GoogleService-Info.plist in Resources */ = {isa = PBXBuildFile; fileRef = 48E21559231AB1F300A36A6B /* GoogleService-Info.plist */; };
		48E2155F231AB3F100A36A6B /* MapKit.framework in Frameworks */ = {isa = PBXBuildFile; fileRef = 48E2155E231AB3F100A36A6B /* MapKit.framework */; };
		48E21561231AB45D00A36A6B /* MainViewController.swift in Sources */ = {isa = PBXBuildFile; fileRef = 48E21560231AB45D00A36A6B /* MainViewController.swift */; };
		48E2156B231AB5A200A36A6B /* AddViewController.swift in Sources */ = {isa = PBXBuildFile; fileRef = 48E2156A231AB5A200A36A6B /* AddViewController.swift */; };
		48E21573231AB5C200A36A6B /* LoginViewController.swift in Sources */ = {isa = PBXBuildFile; fileRef = 48E21572231AB5C200A36A6B /* LoginViewController.swift */; };
		48E2157A231AB84D00A36A6B /* Localizable.strings in Resources */ = {isa = PBXBuildFile; fileRef = 48E2157E231AB84D00A36A6B /* Localizable.strings */; };
		48E2157B231AB84D00A36A6B /* Localizable.strings in Resources */ = {isa = PBXBuildFile; fileRef = 48E2157E231AB84D00A36A6B /* Localizable.strings */; };
		48E2157C231AB84D00A36A6B /* Localizable.strings in Resources */ = {isa = PBXBuildFile; fileRef = 48E2157E231AB84D00A36A6B /* Localizable.strings */; };
		AD6AD2DEF90C6F63E96F0590 /* Pods_Hoot.framework in Frameworks */ = {isa = PBXBuildFile; fileRef = 7C7C24CCD7E86BD1A5169F23 /* Pods_Hoot.framework */; };
/* End PBXBuildFile section */

/* Begin PBXContainerItemProxy section */
		48BC853B231AAD93002F6543 /* PBXContainerItemProxy */ = {
			isa = PBXContainerItemProxy;
			containerPortal = 48BC851B231AAD91002F6543 /* Project object */;
			proxyType = 1;
			remoteGlobalIDString = 48BC8522231AAD91002F6543;
			remoteInfo = Hoot;
		};
		48BC8546231AAD93002F6543 /* PBXContainerItemProxy */ = {
			isa = PBXContainerItemProxy;
			containerPortal = 48BC851B231AAD91002F6543 /* Project object */;
			proxyType = 1;
			remoteGlobalIDString = 48BC8522231AAD91002F6543;
			remoteInfo = Hoot;
		};
/* End PBXContainerItemProxy section */

/* Begin PBXFileReference section */
		040C446301DC9047A6F9D31C /* Pods_Hoot_HootUITests.framework */ = {isa = PBXFileReference; explicitFileType = wrapper.framework; includeInIndex = 0; path = Pods_Hoot_HootUITests.framework; sourceTree = BUILT_PRODUCTS_DIR; };
		26E9E02D0D015E00209DCBA5 /* Pods-Hoot.release.xcconfig */ = {isa = PBXFileReference; includeInIndex = 1; lastKnownFileType = text.xcconfig; name = "Pods-Hoot.release.xcconfig"; path = "Target Support Files/Pods-Hoot/Pods-Hoot.release.xcconfig"; sourceTree = "<group>"; };
		486C94FD231AC3BA0071B94F /* Notice.swift */ = {isa = PBXFileReference; lastKnownFileType = sourcecode.swift; path = Notice.swift; sourceTree = "<group>"; };
		486C9508231AC79E0071B94F /* Observation.swift */ = {isa = PBXFileReference; lastKnownFileType = sourcecode.swift; path = Observation.swift; sourceTree = "<group>"; };
		487166072322884F00D63E4D /* Base */ = {isa = PBXFileReference; lastKnownFileType = file.storyboard; name = Base; path = Base.lproj/Add.storyboard; sourceTree = "<group>"; };
		4871660A2322885900D63E4D /* en */ = {isa = PBXFileReference; lastKnownFileType = text.plist.strings; name = en; path = en.lproj/Add.strings; sourceTree = "<group>"; };
		4871660C2322886C00D63E4D /* Base */ = {isa = PBXFileReference; lastKnownFileType = file.storyboard; name = Base; path = Base.lproj/Detail.storyboard; sourceTree = "<group>"; };
		4871660F2322887100D63E4D /* en */ = {isa = PBXFileReference; lastKnownFileType = text.plist.strings; name = en; path = en.lproj/Detail.strings; sourceTree = "<group>"; };
		487166132322887D00D63E4D /* Base */ = {isa = PBXFileReference; lastKnownFileType = file.storyboard; name = Base; path = Base.lproj/Login.storyboard; sourceTree = "<group>"; };
		487166142322889300D63E4D /* en */ = {isa = PBXFileReference; lastKnownFileType = text.plist.strings; name = en; path = en.lproj/Login.strings; sourceTree = "<group>"; };
		48716616232288A400D63E4D /* en */ = {isa = PBXFileReference; lastKnownFileType = text.plist.strings; name = en; path = en.lproj/Main.strings; sourceTree = "<group>"; };
		488407FE23216600005FB263 /* SyncAndDeleteTests.swift */ = {isa = PBXFileReference; lastKnownFileType = sourcecode.swift; path = SyncAndDeleteTests.swift; sourceTree = "<group>"; };
		48AA58C6231EC50B00D8A26B /* OwnObservationExtension.swift */ = {isa = PBXFileReference; lastKnownFileType = sourcecode.swift; path = OwnObservationExtension.swift; sourceTree = "<group>"; };
		48AA58CA231EDF0900D8A26B /* OwnObservation+CoreDataClass.swift */ = {isa = PBXFileReference; lastKnownFileType = sourcecode.swift; path = "OwnObservation+CoreDataClass.swift"; sourceTree = "<group>"; };
		48AA58CB231EDF0900D8A26B /* OwnObservation+CoreDataProperties.swift */ = {isa = PBXFileReference; lastKnownFileType = sourcecode.swift; path = "OwnObservation+CoreDataProperties.swift"; sourceTree = "<group>"; };
		48B37E97231D4DFE00BA5387 /* DetailViewController.swift */ = {isa = PBXFileReference; lastKnownFileType = sourcecode.swift; path = DetailViewController.swift; sourceTree = "<group>"; };
		48B37E9B231D89ED00BA5387 /* SyncObservations.swift */ = {isa = PBXFileReference; lastKnownFileType = sourcecode.swift; path = SyncObservations.swift; sourceTree = "<group>"; };
		48BC8523231AAD91002F6543 /* Hoot.app */ = {isa = PBXFileReference; explicitFileType = wrapper.application; includeInIndex = 0; path = Hoot.app; sourceTree = BUILT_PRODUCTS_DIR; };
		48BC8526231AAD91002F6543 /* AppDelegate.swift */ = {isa = PBXFileReference; lastKnownFileType = sourcecode.swift; path = AppDelegate.swift; sourceTree = "<group>"; };
		48BC852B231AAD91002F6543 /* Base */ = {isa = PBXFileReference; lastKnownFileType = file.storyboard; name = Base; path = Base.lproj/Main.storyboard; sourceTree = "<group>"; };
		48BC852E231AAD91002F6543 /* Hoot.xcdatamodel */ = {isa = PBXFileReference; lastKnownFileType = wrapper.xcdatamodel; path = Hoot.xcdatamodel; sourceTree = "<group>"; };
		48BC8530231AAD93002F6543 /* Assets.xcassets */ = {isa = PBXFileReference; lastKnownFileType = folder.assetcatalog; path = Assets.xcassets; sourceTree = "<group>"; };
		48BC8533231AAD93002F6543 /* Base */ = {isa = PBXFileReference; lastKnownFileType = file.storyboard; name = Base; path = Base.lproj/LaunchScreen.storyboard; sourceTree = "<group>"; };
		48BC8535231AAD93002F6543 /* Info.plist */ = {isa = PBXFileReference; lastKnownFileType = text.plist.xml; path = Info.plist; sourceTree = "<group>"; };
		48BC853A231AAD93002F6543 /* HootTests.xctest */ = {isa = PBXFileReference; explicitFileType = wrapper.cfbundle; includeInIndex = 0; path = HootTests.xctest; sourceTree = BUILT_PRODUCTS_DIR; };
		48BC8540231AAD93002F6543 /* Info.plist */ = {isa = PBXFileReference; lastKnownFileType = text.plist.xml; path = Info.plist; sourceTree = "<group>"; };
		48BC8545231AAD93002F6543 /* HootUITests.xctest */ = {isa = PBXFileReference; explicitFileType = wrapper.cfbundle; includeInIndex = 0; path = HootUITests.xctest; sourceTree = BUILT_PRODUCTS_DIR; };
		48BC8549231AAD93002F6543 /* HootUITests.swift */ = {isa = PBXFileReference; lastKnownFileType = sourcecode.swift; path = HootUITests.swift; sourceTree = "<group>"; };
		48BC854B231AAD93002F6543 /* Info.plist */ = {isa = PBXFileReference; lastKnownFileType = text.plist.xml; path = Info.plist; sourceTree = "<group>"; };
		48BEBC6C231ACEF000ABF780 /* MainCell.swift */ = {isa = PBXFileReference; lastKnownFileType = sourcecode.swift; path = MainCell.swift; sourceTree = "<group>"; };
		48BEBC76231ADBF500ABF780 /* MainItem.swift */ = {isa = PBXFileReference; lastKnownFileType = sourcecode.swift; path = MainItem.swift; sourceTree = "<group>"; };
		48CBD17A2320EA5500F4D681 /* AddTests.swift */ = {isa = PBXFileReference; lastKnownFileType = sourcecode.swift; path = AddTests.swift; sourceTree = "<group>"; };
		48CBD17F2320F8DF00F4D681 /* MainTests.swift */ = {isa = PBXFileReference; lastKnownFileType = sourcecode.swift; path = MainTests.swift; sourceTree = "<group>"; };
		48E21559231AB1F300A36A6B /* GoogleService-Info.plist */ = {isa = PBXFileReference; fileEncoding = 4; lastKnownFileType = text.plist.xml; name = "GoogleService-Info.plist"; path = "../../../../../Downloads/GoogleService-Info.plist"; sourceTree = "<group>"; };
		48E2155E231AB3F100A36A6B /* MapKit.framework */ = {isa = PBXFileReference; lastKnownFileType = wrapper.framework; name = MapKit.framework; path = System/Library/Frameworks/MapKit.framework; sourceTree = SDKROOT; };
		48E21560231AB45D00A36A6B /* MainViewController.swift */ = {isa = PBXFileReference; lastKnownFileType = sourcecode.swift; path = MainViewController.swift; sourceTree = "<group>"; };
		48E2156A231AB5A200A36A6B /* AddViewController.swift */ = {isa = PBXFileReference; lastKnownFileType = sourcecode.swift; path = AddViewController.swift; sourceTree = "<group>"; };
		48E21572231AB5C200A36A6B /* LoginViewController.swift */ = {isa = PBXFileReference; lastKnownFileType = sourcecode.swift; path = LoginViewController.swift; sourceTree = "<group>"; };
		48E2157D231AB84D00A36A6B /* en */ = {isa = PBXFileReference; lastKnownFileType = text.plist.strings; name = en; path = en.lproj/Localizable.strings; sourceTree = "<group>"; };
		4BDA39913E9C60402A9AB3FA /* Pods-Hoot.debug.xcconfig */ = {isa = PBXFileReference; includeInIndex = 1; lastKnownFileType = text.xcconfig; name = "Pods-Hoot.debug.xcconfig"; path = "Target Support Files/Pods-Hoot/Pods-Hoot.debug.xcconfig"; sourceTree = "<group>"; };
		5AEB865F715D84EADC8300F4 /* Pods_Hoot_HootTests.framework */ = {isa = PBXFileReference; explicitFileType = wrapper.framework; includeInIndex = 0; path = Pods_Hoot_HootTests.framework; sourceTree = BUILT_PRODUCTS_DIR; };
		7C7C24CCD7E86BD1A5169F23 /* Pods_Hoot.framework */ = {isa = PBXFileReference; explicitFileType = wrapper.framework; includeInIndex = 0; path = Pods_Hoot.framework; sourceTree = BUILT_PRODUCTS_DIR; };
		9055A7B8C5D47127F824B422 /* Pods-Hoot-HootUITests.debug.xcconfig */ = {isa = PBXFileReference; includeInIndex = 1; lastKnownFileType = text.xcconfig; name = "Pods-Hoot-HootUITests.debug.xcconfig"; path = "Target Support Files/Pods-Hoot-HootUITests/Pods-Hoot-HootUITests.debug.xcconfig"; sourceTree = "<group>"; };
		C31E91F711394672635EF7D6 /* Pods-Hoot-HootTests.release.xcconfig */ = {isa = PBXFileReference; includeInIndex = 1; lastKnownFileType = text.xcconfig; name = "Pods-Hoot-HootTests.release.xcconfig"; path = "Target Support Files/Pods-Hoot-HootTests/Pods-Hoot-HootTests.release.xcconfig"; sourceTree = "<group>"; };
		CAB97F92B2F9AEEE314245A8 /* Pods-Hoot-HootUITests.release.xcconfig */ = {isa = PBXFileReference; includeInIndex = 1; lastKnownFileType = text.xcconfig; name = "Pods-Hoot-HootUITests.release.xcconfig"; path = "Target Support Files/Pods-Hoot-HootUITests/Pods-Hoot-HootUITests.release.xcconfig"; sourceTree = "<group>"; };
		D1F9784A6882FCD78DA6E0D8 /* Pods-Hoot-HootTests.debug.xcconfig */ = {isa = PBXFileReference; includeInIndex = 1; lastKnownFileType = text.xcconfig; name = "Pods-Hoot-HootTests.debug.xcconfig"; path = "Target Support Files/Pods-Hoot-HootTests/Pods-Hoot-HootTests.debug.xcconfig"; sourceTree = "<group>"; };
/* End PBXFileReference section */

/* Begin PBXFrameworksBuildPhase section */
		48BC8520231AAD91002F6543 /* Frameworks */ = {
			isa = PBXFrameworksBuildPhase;
			buildActionMask = 2147483647;
			files = (
				48E2155F231AB3F100A36A6B /* MapKit.framework in Frameworks */,
				AD6AD2DEF90C6F63E96F0590 /* Pods_Hoot.framework in Frameworks */,
			);
			runOnlyForDeploymentPostprocessing = 0;
		};
		48BC8537231AAD93002F6543 /* Frameworks */ = {
			isa = PBXFrameworksBuildPhase;
			buildActionMask = 2147483647;
			files = (
				241DCC8FC467345259D95C5F /* Pods_Hoot_HootTests.framework in Frameworks */,
			);
			runOnlyForDeploymentPostprocessing = 0;
		};
		48BC8542231AAD93002F6543 /* Frameworks */ = {
			isa = PBXFrameworksBuildPhase;
			buildActionMask = 2147483647;
			files = (
				39AA38E91F495C37043AF27C /* Pods_Hoot_HootUITests.framework in Frameworks */,
			);
			runOnlyForDeploymentPostprocessing = 0;
		};
/* End PBXFrameworksBuildPhase section */

/* Begin PBXGroup section */
		486C94FC231AC39F0071B94F /* Util */ = {
			isa = PBXGroup;
			children = (
				486C94FD231AC3BA0071B94F /* Notice.swift */,
				48BEBC76231ADBF500ABF780 /* MainItem.swift */,
				48B37E9B231D89ED00BA5387 /* SyncObservations.swift */,
			);
			path = Util;
			sourceTree = "<group>";
		};
		486C9503231AC7650071B94F /* Models */ = {
			isa = PBXGroup;
			children = (
				486C9508231AC79E0071B94F /* Observation.swift */,
				48AA58CA231EDF0900D8A26B /* OwnObservation+CoreDataClass.swift */,
				48AA58CB231EDF0900D8A26B /* OwnObservation+CoreDataProperties.swift */,
				48AA58C6231EC50B00D8A26B /* OwnObservationExtension.swift */,
			);
			path = Models;
			sourceTree = "<group>";
		};
		48B37E92231D4DC300BA5387 /* Detail */ = {
			isa = PBXGroup;
			children = (
				4871660D2322886C00D63E4D /* Detail.storyboard */,
				48B37E97231D4DFE00BA5387 /* DetailViewController.swift */,
			);
			path = Detail;
			sourceTree = "<group>";
		};
		48BC851A231AAD91002F6543 = {
			isa = PBXGroup;
			children = (
				48BC8525231AAD91002F6543 /* Hoot */,
				48BC853D231AAD93002F6543 /* HootTests */,
				48BC8548231AAD93002F6543 /* HootUITests */,
				48BC8524231AAD91002F6543 /* Products */,
				907CDD90E1140E3265FAA2BC /* Pods */,
				C3D8FBEDBA6CBFCB43AE2FB2 /* Frameworks */,
			);
			sourceTree = "<group>";
		};
		48BC8524231AAD91002F6543 /* Products */ = {
			isa = PBXGroup;
			children = (
				48BC8523231AAD91002F6543 /* Hoot.app */,
				48BC853A231AAD93002F6543 /* HootTests.xctest */,
				48BC8545231AAD93002F6543 /* HootUITests.xctest */,
			);
			name = Products;
			sourceTree = "<group>";
		};
		48BC8525231AAD91002F6543 /* Hoot */ = {
			isa = PBXGroup;
			children = (
				48E21565231AB55E00A36A6B /* Add */,
				48B37E92231D4DC300BA5387 /* Detail */,
				48E21564231AB55500A36A6B /* Login */,
				48E2155D231AB3A400A36A6B /* Main */,
				486C9503231AC7650071B94F /* Models */,
				486C94FC231AC39F0071B94F /* Util */,
				48BC8526231AAD91002F6543 /* AppDelegate.swift */,
				48BC8530231AAD93002F6543 /* Assets.xcassets */,
				48BC8532231AAD93002F6543 /* LaunchScreen.storyboard */,
				48BC8535231AAD93002F6543 /* Info.plist */,
				48BC852D231AAD91002F6543 /* Hoot.xcdatamodeld */,
				48E21559231AB1F300A36A6B /* GoogleService-Info.plist */,
				48E2157E231AB84D00A36A6B /* Localizable.strings */,
			);
			path = Hoot;
			sourceTree = "<group>";
		};
		48BC853D231AAD93002F6543 /* HootTests */ = {
			isa = PBXGroup;
			children = (
				48BC8540231AAD93002F6543 /* Info.plist */,
				48CBD17A2320EA5500F4D681 /* AddTests.swift */,
				48CBD17F2320F8DF00F4D681 /* MainTests.swift */,
				488407FE23216600005FB263 /* SyncAndDeleteTests.swift */,
			);
			path = HootTests;
			sourceTree = "<group>";
		};
		48BC8548231AAD93002F6543 /* HootUITests */ = {
			isa = PBXGroup;
			children = (
				48BC8549231AAD93002F6543 /* HootUITests.swift */,
				48BC854B231AAD93002F6543 /* Info.plist */,
			);
			path = HootUITests;
			sourceTree = "<group>";
		};
		48E2155D231AB3A400A36A6B /* Main */ = {
			isa = PBXGroup;
			children = (
				48BC852A231AAD91002F6543 /* Main.storyboard */,
				48E21560231AB45D00A36A6B /* MainViewController.swift */,
				48BEBC6C231ACEF000ABF780 /* MainCell.swift */,
			);
			path = Main;
			sourceTree = "<group>";
		};
		48E21564231AB55500A36A6B /* Login */ = {
			isa = PBXGroup;
			children = (
				487166122322887900D63E4D /* Login.storyboard */,
				48E21572231AB5C200A36A6B /* LoginViewController.swift */,
			);
			path = Login;
			sourceTree = "<group>";
		};
		48E21565231AB55E00A36A6B /* Add */ = {
			isa = PBXGroup;
			children = (
				487166082322884F00D63E4D /* Add.storyboard */,
				48E2156A231AB5A200A36A6B /* AddViewController.swift */,
			);
			path = Add;
			sourceTree = "<group>";
		};
		907CDD90E1140E3265FAA2BC /* Pods */ = {
			isa = PBXGroup;
			children = (
				4BDA39913E9C60402A9AB3FA /* Pods-Hoot.debug.xcconfig */,
				26E9E02D0D015E00209DCBA5 /* Pods-Hoot.release.xcconfig */,
				D1F9784A6882FCD78DA6E0D8 /* Pods-Hoot-HootTests.debug.xcconfig */,
				C31E91F711394672635EF7D6 /* Pods-Hoot-HootTests.release.xcconfig */,
				9055A7B8C5D47127F824B422 /* Pods-Hoot-HootUITests.debug.xcconfig */,
				CAB97F92B2F9AEEE314245A8 /* Pods-Hoot-HootUITests.release.xcconfig */,
			);
			path = Pods;
			sourceTree = "<group>";
		};
		C3D8FBEDBA6CBFCB43AE2FB2 /* Frameworks */ = {
			isa = PBXGroup;
			children = (
				48E2155E231AB3F100A36A6B /* MapKit.framework */,
				7C7C24CCD7E86BD1A5169F23 /* Pods_Hoot.framework */,
				5AEB865F715D84EADC8300F4 /* Pods_Hoot_HootTests.framework */,
				040C446301DC9047A6F9D31C /* Pods_Hoot_HootUITests.framework */,
			);
			name = Frameworks;
			sourceTree = "<group>";
		};
/* End PBXGroup section */

/* Begin PBXNativeTarget section */
		48BC8522231AAD91002F6543 /* Hoot */ = {
			isa = PBXNativeTarget;
			buildConfigurationList = 48BC854E231AAD93002F6543 /* Build configuration list for PBXNativeTarget "Hoot" */;
			buildPhases = (
				A9500608E351ED1114A610EA /* [CP] Check Pods Manifest.lock */,
				48BC851F231AAD91002F6543 /* Sources */,
				48BC8520231AAD91002F6543 /* Frameworks */,
				48BC8521231AAD91002F6543 /* Resources */,
				B6389547E3EED230FE31C026 /* [CP] Embed Pods Frameworks */,
				AF5C9F5DF83736535A8795E6 /* [CP] Copy Pods Resources */,
			);
			buildRules = (
			);
			dependencies = (
			);
			name = Hoot;
			productName = Hoot;
			productReference = 48BC8523231AAD91002F6543 /* Hoot.app */;
			productType = "com.apple.product-type.application";
		};
		48BC8539231AAD93002F6543 /* HootTests */ = {
			isa = PBXNativeTarget;
			buildConfigurationList = 48BC8551231AAD93002F6543 /* Build configuration list for PBXNativeTarget "HootTests" */;
			buildPhases = (
				E366B9CFE29440F151BBDF8D /* [CP] Check Pods Manifest.lock */,
				48BC8536231AAD93002F6543 /* Sources */,
				48BC8537231AAD93002F6543 /* Frameworks */,
				48BC8538231AAD93002F6543 /* Resources */,
				8CF24006CE27961BEC3CE372 /* [CP] Embed Pods Frameworks */,
				4EF42C199B3834372F15331B /* [CP] Copy Pods Resources */,
			);
			buildRules = (
			);
			dependencies = (
				48BC853C231AAD93002F6543 /* PBXTargetDependency */,
			);
			name = HootTests;
			productName = HootTests;
			productReference = 48BC853A231AAD93002F6543 /* HootTests.xctest */;
			productType = "com.apple.product-type.bundle.unit-test";
		};
		48BC8544231AAD93002F6543 /* HootUITests */ = {
			isa = PBXNativeTarget;
			buildConfigurationList = 48BC8554231AAD93002F6543 /* Build configuration list for PBXNativeTarget "HootUITests" */;
			buildPhases = (
				12E6027E41CD40D6C63E6054 /* [CP] Check Pods Manifest.lock */,
				48BC8541231AAD93002F6543 /* Sources */,
				48BC8542231AAD93002F6543 /* Frameworks */,
				48BC8543231AAD93002F6543 /* Resources */,
				83056800633033E306BF593F /* [CP] Embed Pods Frameworks */,
				FBA10B3D2172420B78992C51 /* [CP] Copy Pods Resources */,
			);
			buildRules = (
			);
			dependencies = (
				48BC8547231AAD93002F6543 /* PBXTargetDependency */,
			);
			name = HootUITests;
			productName = HootUITests;
			productReference = 48BC8545231AAD93002F6543 /* HootUITests.xctest */;
			productType = "com.apple.product-type.bundle.ui-testing";
		};
/* End PBXNativeTarget section */

/* Begin PBXProject section */
		48BC851B231AAD91002F6543 /* Project object */ = {
			isa = PBXProject;
			attributes = {
				LastSwiftUpdateCheck = 1030;
				LastUpgradeCheck = 1030;
				ORGANIZATIONNAME = "Kristian Helenius";
				TargetAttributes = {
					48BC8522231AAD91002F6543 = {
						CreatedOnToolsVersion = 10.3;
						SystemCapabilities = {
							com.apple.Maps.iOS = {
								enabled = 1;
							};
						};
					};
					48BC8539231AAD93002F6543 = {
						CreatedOnToolsVersion = 10.3;
						TestTargetID = 48BC8522231AAD91002F6543;
					};
					48BC8544231AAD93002F6543 = {
						CreatedOnToolsVersion = 10.3;
						TestTargetID = 48BC8522231AAD91002F6543;
					};
				};
			};
			buildConfigurationList = 48BC851E231AAD91002F6543 /* Build configuration list for PBXProject "Hoot" */;
			compatibilityVersion = "Xcode 9.3";
			developmentRegion = en;
			hasScannedForEncodings = 0;
			knownRegions = (
				en,
				Base,
			);
			mainGroup = 48BC851A231AAD91002F6543;
			productRefGroup = 48BC8524231AAD91002F6543 /* Products */;
			projectDirPath = "";
			projectRoot = "";
			targets = (
				48BC8522231AAD91002F6543 /* Hoot */,
				48BC8539231AAD93002F6543 /* HootTests */,
				48BC8544231AAD93002F6543 /* HootUITests */,
			);
		};
/* End PBXProject section */

/* Begin PBXResourcesBuildPhase section */
		48BC8521231AAD91002F6543 /* Resources */ = {
			isa = PBXResourcesBuildPhase;
			buildActionMask = 2147483647;
			files = (
				48BC8534231AAD93002F6543 /* LaunchScreen.storyboard in Resources */,
				48E2155A231AB1F300A36A6B /* GoogleService-Info.plist in Resources */,
				487166102322887900D63E4D /* Login.storyboard in Resources */,
				4871660B2322886C00D63E4D /* Detail.storyboard in Resources */,
				48E2157A231AB84D00A36A6B /* Localizable.strings in Resources */,
				487166062322884F00D63E4D /* Add.storyboard in Resources */,
				48BC8531231AAD93002F6543 /* Assets.xcassets in Resources */,
				48BC852C231AAD91002F6543 /* Main.storyboard in Resources */,
			);
			runOnlyForDeploymentPostprocessing = 0;
		};
		48BC8538231AAD93002F6543 /* Resources */ = {
			isa = PBXResourcesBuildPhase;
			buildActionMask = 2147483647;
			files = (
				48E2157B231AB84D00A36A6B /* Localizable.strings in Resources */,
				48E2155B231AB1F300A36A6B /* GoogleService-Info.plist in Resources */,
			);
			runOnlyForDeploymentPostprocessing = 0;
		};
		48BC8543231AAD93002F6543 /* Resources */ = {
			isa = PBXResourcesBuildPhase;
			buildActionMask = 2147483647;
			files = (
				48E2157C231AB84D00A36A6B /* Localizable.strings in Resources */,
				48E2155C231AB1F300A36A6B /* GoogleService-Info.plist in Resources */,
			);
			runOnlyForDeploymentPostprocessing = 0;
		};
/* End PBXResourcesBuildPhase section */

/* Begin PBXShellScriptBuildPhase section */
		12E6027E41CD40D6C63E6054 /* [CP] Check Pods Manifest.lock */ = {
			isa = PBXShellScriptBuildPhase;
			buildActionMask = 2147483647;
			files = (
			);
			inputFileListPaths = (
			);
			inputPaths = (
				"${PODS_PODFILE_DIR_PATH}/Podfile.lock",
				"${PODS_ROOT}/Manifest.lock",
			);
			name = "[CP] Check Pods Manifest.lock";
			outputFileListPaths = (
			);
			outputPaths = (
				"$(DERIVED_FILE_DIR)/Pods-Hoot-HootUITests-checkManifestLockResult.txt",
			);
			runOnlyForDeploymentPostprocessing = 0;
			shellPath = /bin/sh;
			shellScript = "diff \"${PODS_PODFILE_DIR_PATH}/Podfile.lock\" \"${PODS_ROOT}/Manifest.lock\" > /dev/null\nif [ $? != 0 ] ; then\n    # print error to STDERR\n    echo \"error: The sandbox is not in sync with the Podfile.lock. Run 'pod install' or update your CocoaPods installation.\" >&2\n    exit 1\nfi\n# This output is used by Xcode 'outputs' to avoid re-running this script phase.\necho \"SUCCESS\" > \"${SCRIPT_OUTPUT_FILE_0}\"\n";
			showEnvVarsInLog = 0;
		};
		4EF42C199B3834372F15331B /* [CP] Copy Pods Resources */ = {
			isa = PBXShellScriptBuildPhase;
			buildActionMask = 2147483647;
			files = (
			);
			inputFileListPaths = (
				"${PODS_ROOT}/Target Support Files/Pods-Hoot-HootTests/Pods-Hoot-HootTests-resources-${CONFIGURATION}-input-files.xcfilelist",
			);
			name = "[CP] Copy Pods Resources";
			outputFileListPaths = (
				"${PODS_ROOT}/Target Support Files/Pods-Hoot-HootTests/Pods-Hoot-HootTests-resources-${CONFIGURATION}-output-files.xcfilelist",
			);
			runOnlyForDeploymentPostprocessing = 0;
			shellPath = /bin/sh;
			shellScript = "\"${PODS_ROOT}/Target Support Files/Pods-Hoot-HootTests/Pods-Hoot-HootTests-resources.sh\"\n";
			showEnvVarsInLog = 0;
		};
		83056800633033E306BF593F /* [CP] Embed Pods Frameworks */ = {
			isa = PBXShellScriptBuildPhase;
			buildActionMask = 2147483647;
			files = (
			);
			inputFileListPaths = (
				"${PODS_ROOT}/Target Support Files/Pods-Hoot-HootUITests/Pods-Hoot-HootUITests-frameworks-${CONFIGURATION}-input-files.xcfilelist",
			);
			name = "[CP] Embed Pods Frameworks";
			outputFileListPaths = (
				"${PODS_ROOT}/Target Support Files/Pods-Hoot-HootUITests/Pods-Hoot-HootUITests-frameworks-${CONFIGURATION}-output-files.xcfilelist",
			);
			runOnlyForDeploymentPostprocessing = 0;
			shellPath = /bin/sh;
			shellScript = "\"${PODS_ROOT}/Target Support Files/Pods-Hoot-HootUITests/Pods-Hoot-HootUITests-frameworks.sh\"\n";
			showEnvVarsInLog = 0;
		};
		8CF24006CE27961BEC3CE372 /* [CP] Embed Pods Frameworks */ = {
			isa = PBXShellScriptBuildPhase;
			buildActionMask = 2147483647;
			files = (
			);
			inputFileListPaths = (
				"${PODS_ROOT}/Target Support Files/Pods-Hoot-HootTests/Pods-Hoot-HootTests-frameworks-${CONFIGURATION}-input-files.xcfilelist",
			);
			name = "[CP] Embed Pods Frameworks";
			outputFileListPaths = (
				"${PODS_ROOT}/Target Support Files/Pods-Hoot-HootTests/Pods-Hoot-HootTests-frameworks-${CONFIGURATION}-output-files.xcfilelist",
			);
			runOnlyForDeploymentPostprocessing = 0;
			shellPath = /bin/sh;
			shellScript = "\"${PODS_ROOT}/Target Support Files/Pods-Hoot-HootTests/Pods-Hoot-HootTests-frameworks.sh\"\n";
			showEnvVarsInLog = 0;
		};
		A9500608E351ED1114A610EA /* [CP] Check Pods Manifest.lock */ = {
			isa = PBXShellScriptBuildPhase;
			buildActionMask = 2147483647;
			files = (
			);
			inputFileListPaths = (
			);
			inputPaths = (
				"${PODS_PODFILE_DIR_PATH}/Podfile.lock",
				"${PODS_ROOT}/Manifest.lock",
			);
			name = "[CP] Check Pods Manifest.lock";
			outputFileListPaths = (
			);
			outputPaths = (
				"$(DERIVED_FILE_DIR)/Pods-Hoot-checkManifestLockResult.txt",
			);
			runOnlyForDeploymentPostprocessing = 0;
			shellPath = /bin/sh;
			shellScript = "diff \"${PODS_PODFILE_DIR_PATH}/Podfile.lock\" \"${PODS_ROOT}/Manifest.lock\" > /dev/null\nif [ $? != 0 ] ; then\n    # print error to STDERR\n    echo \"error: The sandbox is not in sync with the Podfile.lock. Run 'pod install' or update your CocoaPods installation.\" >&2\n    exit 1\nfi\n# This output is used by Xcode 'outputs' to avoid re-running this script phase.\necho \"SUCCESS\" > \"${SCRIPT_OUTPUT_FILE_0}\"\n";
			showEnvVarsInLog = 0;
		};
		AF5C9F5DF83736535A8795E6 /* [CP] Copy Pods Resources */ = {
			isa = PBXShellScriptBuildPhase;
			buildActionMask = 2147483647;
			files = (
			);
			inputFileListPaths = (
				"${PODS_ROOT}/Target Support Files/Pods-Hoot/Pods-Hoot-resources-${CONFIGURATION}-input-files.xcfilelist",
			);
			name = "[CP] Copy Pods Resources";
			outputFileListPaths = (
				"${PODS_ROOT}/Target Support Files/Pods-Hoot/Pods-Hoot-resources-${CONFIGURATION}-output-files.xcfilelist",
			);
			runOnlyForDeploymentPostprocessing = 0;
			shellPath = /bin/sh;
			shellScript = "\"${PODS_ROOT}/Target Support Files/Pods-Hoot/Pods-Hoot-resources.sh\"\n";
			showEnvVarsInLog = 0;
		};
		B6389547E3EED230FE31C026 /* [CP] Embed Pods Frameworks */ = {
			isa = PBXShellScriptBuildPhase;
			buildActionMask = 2147483647;
			files = (
			);
			inputFileListPaths = (
				"${PODS_ROOT}/Target Support Files/Pods-Hoot/Pods-Hoot-frameworks-${CONFIGURATION}-input-files.xcfilelist",
			);
			name = "[CP] Embed Pods Frameworks";
			outputFileListPaths = (
				"${PODS_ROOT}/Target Support Files/Pods-Hoot/Pods-Hoot-frameworks-${CONFIGURATION}-output-files.xcfilelist",
			);
			runOnlyForDeploymentPostprocessing = 0;
			shellPath = /bin/sh;
			shellScript = "\"${PODS_ROOT}/Target Support Files/Pods-Hoot/Pods-Hoot-frameworks.sh\"\n";
			showEnvVarsInLog = 0;
		};
		E366B9CFE29440F151BBDF8D /* [CP] Check Pods Manifest.lock */ = {
			isa = PBXShellScriptBuildPhase;
			buildActionMask = 2147483647;
			files = (
			);
			inputFileListPaths = (
			);
			inputPaths = (
				"${PODS_PODFILE_DIR_PATH}/Podfile.lock",
				"${PODS_ROOT}/Manifest.lock",
			);
			name = "[CP] Check Pods Manifest.lock";
			outputFileListPaths = (
			);
			outputPaths = (
				"$(DERIVED_FILE_DIR)/Pods-Hoot-HootTests-checkManifestLockResult.txt",
			);
			runOnlyForDeploymentPostprocessing = 0;
			shellPath = /bin/sh;
			shellScript = "diff \"${PODS_PODFILE_DIR_PATH}/Podfile.lock\" \"${PODS_ROOT}/Manifest.lock\" > /dev/null\nif [ $? != 0 ] ; then\n    # print error to STDERR\n    echo \"error: The sandbox is not in sync with the Podfile.lock. Run 'pod install' or update your CocoaPods installation.\" >&2\n    exit 1\nfi\n# This output is used by Xcode 'outputs' to avoid re-running this script phase.\necho \"SUCCESS\" > \"${SCRIPT_OUTPUT_FILE_0}\"\n";
			showEnvVarsInLog = 0;
		};
		FBA10B3D2172420B78992C51 /* [CP] Copy Pods Resources */ = {
			isa = PBXShellScriptBuildPhase;
			buildActionMask = 2147483647;
			files = (
			);
			inputFileListPaths = (
				"${PODS_ROOT}/Target Support Files/Pods-Hoot-HootUITests/Pods-Hoot-HootUITests-resources-${CONFIGURATION}-input-files.xcfilelist",
			);
			name = "[CP] Copy Pods Resources";
			outputFileListPaths = (
				"${PODS_ROOT}/Target Support Files/Pods-Hoot-HootUITests/Pods-Hoot-HootUITests-resources-${CONFIGURATION}-output-files.xcfilelist",
			);
			runOnlyForDeploymentPostprocessing = 0;
			shellPath = /bin/sh;
			shellScript = "\"${PODS_ROOT}/Target Support Files/Pods-Hoot-HootUITests/Pods-Hoot-HootUITests-resources.sh\"\n";
			showEnvVarsInLog = 0;
		};
/* End PBXShellScriptBuildPhase section */

/* Begin PBXSourcesBuildPhase section */
		48BC851F231AAD91002F6543 /* Sources */ = {
			isa = PBXSourcesBuildPhase;
			buildActionMask = 2147483647;
			files = (
				486C9509231AC79E0071B94F /* Observation.swift in Sources */,
				48AA58C7231EC50B00D8A26B /* OwnObservationExtension.swift in Sources */,
				48B37E9C231D89ED00BA5387 /* SyncObservations.swift in Sources */,
				48AA58CC231EDF0900D8A26B /* OwnObservation+CoreDataClass.swift in Sources */,
				48E21561231AB45D00A36A6B /* MainViewController.swift in Sources */,
				48B37E98231D4DFE00BA5387 /* DetailViewController.swift in Sources */,
				48BC852F231AAD91002F6543 /* Hoot.xcdatamodeld in Sources */,
				48E2156B231AB5A200A36A6B /* AddViewController.swift in Sources */,
				486C94FE231AC3BA0071B94F /* Notice.swift in Sources */,
				48BEBC77231ADBF500ABF780 /* MainItem.swift in Sources */,
				48E21573231AB5C200A36A6B /* LoginViewController.swift in Sources */,
				48AA58CF231EDF0900D8A26B /* OwnObservation+CoreDataProperties.swift in Sources */,
				48BC8527231AAD91002F6543 /* AppDelegate.swift in Sources */,
				48BEBC6D231ACEF000ABF780 /* MainCell.swift in Sources */,
			);
			runOnlyForDeploymentPostprocessing = 0;
		};
		48BC8536231AAD93002F6543 /* Sources */ = {
			isa = PBXSourcesBuildPhase;
			buildActionMask = 2147483647;
			files = (
				48CBD17B2320EA5500F4D681 /* AddTests.swift in Sources */,
				48CBD1802320F8DF00F4D681 /* MainTests.swift in Sources */,
				488407FF23216600005FB263 /* SyncAndDeleteTests.swift in Sources */,
			);
			runOnlyForDeploymentPostprocessing = 0;
		};
		48BC8541231AAD93002F6543 /* Sources */ = {
			isa = PBXSourcesBuildPhase;
			buildActionMask = 2147483647;
			files = (
				48BC854A231AAD93002F6543 /* HootUITests.swift in Sources */,
			);
			runOnlyForDeploymentPostprocessing = 0;
		};
/* End PBXSourcesBuildPhase section */

/* Begin PBXTargetDependency section */
		48BC853C231AAD93002F6543 /* PBXTargetDependency */ = {
			isa = PBXTargetDependency;
			target = 48BC8522231AAD91002F6543 /* Hoot */;
			targetProxy = 48BC853B231AAD93002F6543 /* PBXContainerItemProxy */;
		};
		48BC8547231AAD93002F6543 /* PBXTargetDependency */ = {
			isa = PBXTargetDependency;
			target = 48BC8522231AAD91002F6543 /* Hoot */;
			targetProxy = 48BC8546231AAD93002F6543 /* PBXContainerItemProxy */;
		};
/* End PBXTargetDependency section */

/* Begin PBXVariantGroup section */
		487166082322884F00D63E4D /* Add.storyboard */ = {
			isa = PBXVariantGroup;
			children = (
				487166072322884F00D63E4D /* Base */,
				4871660A2322885900D63E4D /* en */,
			);
			name = Add.storyboard;
			sourceTree = "<group>";
		};
		4871660D2322886C00D63E4D /* Detail.storyboard */ = {
			isa = PBXVariantGroup;
			children = (
				4871660C2322886C00D63E4D /* Base */,
				4871660F2322887100D63E4D /* en */,
			);
			name = Detail.storyboard;
			sourceTree = "<group>";
		};
		487166122322887900D63E4D /* Login.storyboard */ = {
			isa = PBXVariantGroup;
			children = (
				487166132322887D00D63E4D /* Base */,
				487166142322889300D63E4D /* en */,
			);
			name = Login.storyboard;
			sourceTree = "<group>";
		};
		48BC852A231AAD91002F6543 /* Main.storyboard */ = {
			isa = PBXVariantGroup;
			children = (
				48BC852B231AAD91002F6543 /* Base */,
				48716616232288A400D63E4D /* en */,
			);
			name = Main.storyboard;
			sourceTree = "<group>";
		};
		48BC8532231AAD93002F6543 /* LaunchScreen.storyboard */ = {
			isa = PBXVariantGroup;
			children = (
				48BC8533231AAD93002F6543 /* Base */,
			);
			name = LaunchScreen.storyboard;
			sourceTree = "<group>";
		};
		48E2157E231AB84D00A36A6B /* Localizable.strings */ = {
			isa = PBXVariantGroup;
			children = (
				48E2157D231AB84D00A36A6B /* en */,
			);
			name = Localizable.strings;
			sourceTree = "<group>";
		};
/* End PBXVariantGroup section */

/* Begin XCBuildConfiguration section */
		48BC854C231AAD93002F6543 /* Debug */ = {
			isa = XCBuildConfiguration;
			buildSettings = {
				ALWAYS_SEARCH_USER_PATHS = NO;
				CLANG_ANALYZER_NONNULL = YES;
				CLANG_ANALYZER_NUMBER_OBJECT_CONVERSION = YES_AGGRESSIVE;
				CLANG_CXX_LANGUAGE_STANDARD = "gnu++14";
				CLANG_CXX_LIBRARY = "libc++";
				CLANG_ENABLE_MODULES = YES;
				CLANG_ENABLE_OBJC_ARC = YES;
				CLANG_ENABLE_OBJC_WEAK = YES;
				CLANG_WARN_BLOCK_CAPTURE_AUTORELEASING = YES;
				CLANG_WARN_BOOL_CONVERSION = YES;
				CLANG_WARN_COMMA = YES;
				CLANG_WARN_CONSTANT_CONVERSION = YES;
				CLANG_WARN_DEPRECATED_OBJC_IMPLEMENTATIONS = YES;
				CLANG_WARN_DIRECT_OBJC_ISA_USAGE = YES_ERROR;
				CLANG_WARN_DOCUMENTATION_COMMENTS = YES;
				CLANG_WARN_EMPTY_BODY = YES;
				CLANG_WARN_ENUM_CONVERSION = YES;
				CLANG_WARN_INFINITE_RECURSION = YES;
				CLANG_WARN_INT_CONVERSION = YES;
				CLANG_WARN_NON_LITERAL_NULL_CONVERSION = YES;
				CLANG_WARN_OBJC_IMPLICIT_RETAIN_SELF = YES;
				CLANG_WARN_OBJC_LITERAL_CONVERSION = YES;
				CLANG_WARN_OBJC_ROOT_CLASS = YES_ERROR;
				CLANG_WARN_RANGE_LOOP_ANALYSIS = YES;
				CLANG_WARN_STRICT_PROTOTYPES = YES;
				CLANG_WARN_SUSPICIOUS_MOVE = YES;
				CLANG_WARN_UNGUARDED_AVAILABILITY = YES_AGGRESSIVE;
				CLANG_WARN_UNREACHABLE_CODE = YES;
				CLANG_WARN__DUPLICATE_METHOD_MATCH = YES;
				CODE_SIGN_IDENTITY = "iPhone Developer";
				COPY_PHASE_STRIP = NO;
				DEBUG_INFORMATION_FORMAT = dwarf;
				ENABLE_STRICT_OBJC_MSGSEND = YES;
				ENABLE_TESTABILITY = YES;
				GCC_C_LANGUAGE_STANDARD = gnu11;
				GCC_DYNAMIC_NO_PIC = NO;
				GCC_NO_COMMON_BLOCKS = YES;
				GCC_OPTIMIZATION_LEVEL = 0;
				GCC_PREPROCESSOR_DEFINITIONS = (
					"DEBUG=1",
					"$(inherited)",
				);
				GCC_WARN_64_TO_32_BIT_CONVERSION = YES;
				GCC_WARN_ABOUT_RETURN_TYPE = YES_ERROR;
				GCC_WARN_UNDECLARED_SELECTOR = YES;
				GCC_WARN_UNINITIALIZED_AUTOS = YES_AGGRESSIVE;
				GCC_WARN_UNUSED_FUNCTION = YES;
				GCC_WARN_UNUSED_VARIABLE = YES;
				IPHONEOS_DEPLOYMENT_TARGET = 12.4;
				MTL_ENABLE_DEBUG_INFO = INCLUDE_SOURCE;
				MTL_FAST_MATH = YES;
				ONLY_ACTIVE_ARCH = YES;
				SDKROOT = iphoneos;
				SWIFT_ACTIVE_COMPILATION_CONDITIONS = DEBUG;
				SWIFT_OPTIMIZATION_LEVEL = "-Onone";
			};
			name = Debug;
		};
		48BC854D231AAD93002F6543 /* Release */ = {
			isa = XCBuildConfiguration;
			buildSettings = {
				ALWAYS_SEARCH_USER_PATHS = NO;
				CLANG_ANALYZER_NONNULL = YES;
				CLANG_ANALYZER_NUMBER_OBJECT_CONVERSION = YES_AGGRESSIVE;
				CLANG_CXX_LANGUAGE_STANDARD = "gnu++14";
				CLANG_CXX_LIBRARY = "libc++";
				CLANG_ENABLE_MODULES = YES;
				CLANG_ENABLE_OBJC_ARC = YES;
				CLANG_ENABLE_OBJC_WEAK = YES;
				CLANG_WARN_BLOCK_CAPTURE_AUTORELEASING = YES;
				CLANG_WARN_BOOL_CONVERSION = YES;
				CLANG_WARN_COMMA = YES;
				CLANG_WARN_CONSTANT_CONVERSION = YES;
				CLANG_WARN_DEPRECATED_OBJC_IMPLEMENTATIONS = YES;
				CLANG_WARN_DIRECT_OBJC_ISA_USAGE = YES_ERROR;
				CLANG_WARN_DOCUMENTATION_COMMENTS = YES;
				CLANG_WARN_EMPTY_BODY = YES;
				CLANG_WARN_ENUM_CONVERSION = YES;
				CLANG_WARN_INFINITE_RECURSION = YES;
				CLANG_WARN_INT_CONVERSION = YES;
				CLANG_WARN_NON_LITERAL_NULL_CONVERSION = YES;
				CLANG_WARN_OBJC_IMPLICIT_RETAIN_SELF = YES;
				CLANG_WARN_OBJC_LITERAL_CONVERSION = YES;
				CLANG_WARN_OBJC_ROOT_CLASS = YES_ERROR;
				CLANG_WARN_RANGE_LOOP_ANALYSIS = YES;
				CLANG_WARN_STRICT_PROTOTYPES = YES;
				CLANG_WARN_SUSPICIOUS_MOVE = YES;
				CLANG_WARN_UNGUARDED_AVAILABILITY = YES_AGGRESSIVE;
				CLANG_WARN_UNREACHABLE_CODE = YES;
				CLANG_WARN__DUPLICATE_METHOD_MATCH = YES;
				CODE_SIGN_IDENTITY = "iPhone Developer";
				COPY_PHASE_STRIP = NO;
				DEBUG_INFORMATION_FORMAT = "dwarf-with-dsym";
				ENABLE_NS_ASSERTIONS = NO;
				ENABLE_STRICT_OBJC_MSGSEND = YES;
				GCC_C_LANGUAGE_STANDARD = gnu11;
				GCC_NO_COMMON_BLOCKS = YES;
				GCC_WARN_64_TO_32_BIT_CONVERSION = YES;
				GCC_WARN_ABOUT_RETURN_TYPE = YES_ERROR;
				GCC_WARN_UNDECLARED_SELECTOR = YES;
				GCC_WARN_UNINITIALIZED_AUTOS = YES_AGGRESSIVE;
				GCC_WARN_UNUSED_FUNCTION = YES;
				GCC_WARN_UNUSED_VARIABLE = YES;
				IPHONEOS_DEPLOYMENT_TARGET = 12.4;
				MTL_ENABLE_DEBUG_INFO = NO;
				MTL_FAST_MATH = YES;
				SDKROOT = iphoneos;
				SWIFT_COMPILATION_MODE = wholemodule;
				SWIFT_OPTIMIZATION_LEVEL = "-O";
				VALIDATE_PRODUCT = YES;
			};
			name = Release;
		};
		48BC854F231AAD93002F6543 /* Debug */ = {
			isa = XCBuildConfiguration;
			baseConfigurationReference = 4BDA39913E9C60402A9AB3FA /* Pods-Hoot.debug.xcconfig */;
			buildSettings = {
				ASSETCATALOG_COMPILER_APPICON_NAME = "AppIcon-1";
				CODE_SIGN_STYLE = Automatic;
				DEVELOPMENT_TEAM = 7L9D446N7H;
				INFOPLIST_FILE = Hoot/Info.plist;
				LD_RUNPATH_SEARCH_PATHS = (
					"$(inherited)",
					"@executable_path/Frameworks",
				);
				PRODUCT_BUNDLE_IDENTIFIER = GoldenPot.Hoot;
				PRODUCT_NAME = "$(TARGET_NAME)";
				SWIFT_VERSION = 5.0;
				TARGETED_DEVICE_FAMILY = "1,2";
			};
			name = Debug;
		};
		48BC8550231AAD93002F6543 /* Release */ = {
			isa = XCBuildConfiguration;
			baseConfigurationReference = 26E9E02D0D015E00209DCBA5 /* Pods-Hoot.release.xcconfig */;
			buildSettings = {
				ASSETCATALOG_COMPILER_APPICON_NAME = "AppIcon-1";
				CODE_SIGN_STYLE = Automatic;
				DEVELOPMENT_TEAM = 7L9D446N7H;
				INFOPLIST_FILE = Hoot/Info.plist;
				LD_RUNPATH_SEARCH_PATHS = (
					"$(inherited)",
					"@executable_path/Frameworks",
				);
				PRODUCT_BUNDLE_IDENTIFIER = GoldenPot.Hoot;
				PRODUCT_NAME = "$(TARGET_NAME)";
				SWIFT_VERSION = 5.0;
				TARGETED_DEVICE_FAMILY = "1,2";
			};
			name = Release;
		};
		48BC8552231AAD93002F6543 /* Debug */ = {
			isa = XCBuildConfiguration;
			baseConfigurationReference = D1F9784A6882FCD78DA6E0D8 /* Pods-Hoot-HootTests.debug.xcconfig */;
			buildSettings = {
				BUNDLE_LOADER = "$(TEST_HOST)";
				CODE_SIGN_STYLE = Automatic;
				DEVELOPMENT_TEAM = 7L9D446N7H;
				INFOPLIST_FILE = HootTests/Info.plist;
				LD_RUNPATH_SEARCH_PATHS = (
					"$(inherited)",
					"@executable_path/Frameworks",
					"@loader_path/Frameworks",
				);
				PRODUCT_BUNDLE_IDENTIFIER = GoldenPot.HootTests;
				PRODUCT_NAME = "$(TARGET_NAME)";
				SWIFT_VERSION = 5.0;
				TARGETED_DEVICE_FAMILY = "1,2";
				TEST_HOST = "$(BUILT_PRODUCTS_DIR)/Hoot.app/Hoot";
			};
			name = Debug;
		};
		48BC8553231AAD93002F6543 /* Release */ = {
			isa = XCBuildConfiguration;
			baseConfigurationReference = C31E91F711394672635EF7D6 /* Pods-Hoot-HootTests.release.xcconfig */;
			buildSettings = {
				BUNDLE_LOADER = "$(TEST_HOST)";
				CODE_SIGN_STYLE = Automatic;
				DEVELOPMENT_TEAM = 7L9D446N7H;
				INFOPLIST_FILE = HootTests/Info.plist;
				LD_RUNPATH_SEARCH_PATHS = (
					"$(inherited)",
					"@executable_path/Frameworks",
					"@loader_path/Frameworks",
				);
				PRODUCT_BUNDLE_IDENTIFIER = GoldenPot.HootTests;
				PRODUCT_NAME = "$(TARGET_NAME)";
				SWIFT_VERSION = 5.0;
				TARGETED_DEVICE_FAMILY = "1,2";
				TEST_HOST = "$(BUILT_PRODUCTS_DIR)/Hoot.app/Hoot";
			};
			name = Release;
		};
		48BC8555231AAD93002F6543 /* Debug */ = {
			isa = XCBuildConfiguration;
			baseConfigurationReference = 9055A7B8C5D47127F824B422 /* Pods-Hoot-HootUITests.debug.xcconfig */;
			buildSettings = {
				CODE_SIGN_STYLE = Automatic;
				DEVELOPMENT_TEAM = 7L9D446N7H;
				INFOPLIST_FILE = HootUITests/Info.plist;
				LD_RUNPATH_SEARCH_PATHS = (
					"$(inherited)",
					"@executable_path/Frameworks",
					"@loader_path/Frameworks",
				);
				PRODUCT_BUNDLE_IDENTIFIER = GoldenPot.HootUITests;
				PRODUCT_NAME = "$(TARGET_NAME)";
				SWIFT_VERSION = 5.0;
				TARGETED_DEVICE_FAMILY = "1,2";
				TEST_TARGET_NAME = Hoot;
			};
			name = Debug;
		};
		48BC8556231AAD93002F6543 /* Release */ = {
			isa = XCBuildConfiguration;
			baseConfigurationReference = CAB97F92B2F9AEEE314245A8 /* Pods-Hoot-HootUITests.release.xcconfig */;
			buildSettings = {
				CODE_SIGN_STYLE = Automatic;
				DEVELOPMENT_TEAM = 7L9D446N7H;
				INFOPLIST_FILE = HootUITests/Info.plist;
				LD_RUNPATH_SEARCH_PATHS = (
					"$(inherited)",
					"@executable_path/Frameworks",
					"@loader_path/Frameworks",
				);
				PRODUCT_BUNDLE_IDENTIFIER = GoldenPot.HootUITests;
				PRODUCT_NAME = "$(TARGET_NAME)";
				SWIFT_VERSION = 5.0;
				TARGETED_DEVICE_FAMILY = "1,2";
				TEST_TARGET_NAME = Hoot;
			};
			name = Release;
		};
/* End XCBuildConfiguration section */

/* Begin XCConfigurationList section */
		48BC851E231AAD91002F6543 /* Build configuration list for PBXProject "Hoot" */ = {
			isa = XCConfigurationList;
			buildConfigurations = (
				48BC854C231AAD93002F6543 /* Debug */,
				48BC854D231AAD93002F6543 /* Release */,
			);
			defaultConfigurationIsVisible = 0;
			defaultConfigurationName = Release;
		};
		48BC854E231AAD93002F6543 /* Build configuration list for PBXNativeTarget "Hoot" */ = {
			isa = XCConfigurationList;
			buildConfigurations = (
				48BC854F231AAD93002F6543 /* Debug */,
				48BC8550231AAD93002F6543 /* Release */,
			);
			defaultConfigurationIsVisible = 0;
			defaultConfigurationName = Release;
		};
		48BC8551231AAD93002F6543 /* Build configuration list for PBXNativeTarget "HootTests" */ = {
			isa = XCConfigurationList;
			buildConfigurations = (
				48BC8552231AAD93002F6543 /* Debug */,
				48BC8553231AAD93002F6543 /* Release */,
			);
			defaultConfigurationIsVisible = 0;
			defaultConfigurationName = Release;
		};
		48BC8554231AAD93002F6543 /* Build configuration list for PBXNativeTarget "HootUITests" */ = {
			isa = XCConfigurationList;
			buildConfigurations = (
				48BC8555231AAD93002F6543 /* Debug */,
				48BC8556231AAD93002F6543 /* Release */,
			);
			defaultConfigurationIsVisible = 0;
			defaultConfigurationName = Release;
		};
/* End XCConfigurationList section */

/* Begin XCVersionGroup section */
		48BC852D231AAD91002F6543 /* Hoot.xcdatamodeld */ = {
			isa = XCVersionGroup;
			children = (
				48BC852E231AAD91002F6543 /* Hoot.xcdatamodel */,
			);
			currentVersion = 48BC852E231AAD91002F6543 /* Hoot.xcdatamodel */;
			path = Hoot.xcdatamodeld;
			sourceTree = "<group>";
			versionGroupType = wrapper.xcdatamodel;
		};
/* End XCVersionGroup section */
	};
	rootObject = 48BC851B231AAD91002F6543 /* Project object */;
}
