// !$*UTF8*$!
{
	archiveVersion = 1;
	classes = {
	};
	objectVersion = 50;
	objects = {

/* Begin PBXBuildFile section */
		48BC8527231AAD91002F6543 /* AppDelegate.swift in Sources */ = {isa = PBXBuildFile; fileRef = 48BC8526231AAD91002F6543 /* AppDelegate.swift */; };
		48BC8529231AAD91002F6543 /* ViewController.swift in Sources */ = {isa = PBXBuildFile; fileRef = 48BC8528231AAD91002F6543 /* ViewController.swift */; };
		48BC852C231AAD91002F6543 /* Main.storyboard in Resources */ = {isa = PBXBuildFile; fileRef = 48BC852A231AAD91002F6543 /* Main.storyboard */; };
		48BC852F231AAD91002F6543 /* Hoot.xcdatamodeld in Sources */ = {isa = PBXBuildFile; fileRef = 48BC852D231AAD91002F6543 /* Hoot.xcdatamodeld */; };
		48BC8531231AAD93002F6543 /* Assets.xcassets in Resources */ = {isa = PBXBuildFile; fileRef = 48BC8530231AAD93002F6543 /* Assets.xcassets */; };
		48BC8534231AAD93002F6543 /* LaunchScreen.storyboard in Resources */ = {isa = PBXBuildFile; fileRef = 48BC8532231AAD93002F6543 /* LaunchScreen.storyboard */; };
		48BC853F231AAD93002F6543 /* HootTests.swift in Sources */ = {isa = PBXBuildFile; fileRef = 48BC853E231AAD93002F6543 /* HootTests.swift */; };
		48BC854A231AAD93002F6543 /* HootUITests.swift in Sources */ = {isa = PBXBuildFile; fileRef = 48BC8549231AAD93002F6543 /* HootUITests.swift */; };
/* End PBXBuildFile section */

/* Begin PBXContainerItemProxy section */
		48BC853B231AAD93002F6543 /* PBXContainerItemProxy */ = {
			isa = PBXContainerItemProxy;
			containerPortal = 48BC851B231AAD91002F6543 /* Project object */;
			proxyType = 1;
			remoteGlobalIDString = 48BC8522231AAD91002F6543;
			remoteInfo = Hoot;
		};
		48BC8546231AAD93002F6543 /* PBXContainerItemProxy */ = {
			isa = PBXContainerItemProxy;
			containerPortal = 48BC851B231AAD91002F6543 /* Project object */;
			proxyType = 1;
			remoteGlobalIDString = 48BC8522231AAD91002F6543;
			remoteInfo = Hoot;
		};
/* End PBXContainerItemProxy section */

/* Begin PBXFileReference section */
		48BC8523231AAD91002F6543 /* Hoot.app */ = {isa = PBXFileReference; explicitFileType = wrapper.application; includeInIndex = 0; path = Hoot.app; sourceTree = BUILT_PRODUCTS_DIR; };
		48BC8526231AAD91002F6543 /* AppDelegate.swift */ = {isa = PBXFileReference; lastKnownFileType = sourcecode.swift; path = AppDelegate.swift; sourceTree = "<group>"; };
		48BC8528231AAD91002F6543 /* ViewController.swift */ = {isa = PBXFileReference; lastKnownFileType = sourcecode.swift; path = ViewController.swift; sourceTree = "<group>"; };
		48BC852B231AAD91002F6543 /* Base */ = {isa = PBXFileReference; lastKnownFileType = file.storyboard; name = Base; path = Base.lproj/Main.storyboard; sourceTree = "<group>"; };
		48BC852E231AAD91002F6543 /* Hoot.xcdatamodel */ = {isa = PBXFileReference; lastKnownFileType = wrapper.xcdatamodel; path = Hoot.xcdatamodel; sourceTree = "<group>"; };
		48BC8530231AAD93002F6543 /* Assets.xcassets */ = {isa = PBXFileReference; lastKnownFileType = folder.assetcatalog; path = Assets.xcassets; sourceTree = "<group>"; };
		48BC8533231AAD93002F6543 /* Base */ = {isa = PBXFileReference; lastKnownFileType = file.storyboard; name = Base; path = Base.lproj/LaunchScreen.storyboard; sourceTree = "<group>"; };
		48BC8535231AAD93002F6543 /* Info.plist */ = {isa = PBXFileReference; lastKnownFileType = text.plist.xml; path = Info.plist; sourceTree = "<group>"; };
		48BC853A231AAD93002F6543 /* HootTests.xctest */ = {isa = PBXFileReference; explicitFileType = wrapper.cfbundle; includeInIndex = 0; path = HootTests.xctest; sourceTree = BUILT_PRODUCTS_DIR; };
		48BC853E231AAD93002F6543 /* HootTests.swift */ = {isa = PBXFileReference; lastKnownFileType = sourcecode.swift; path = HootTests.swift; sourceTree = "<group>"; };
		48BC8540231AAD93002F6543 /* Info.plist */ = {isa = PBXFileReference; lastKnownFileType = text.plist.xml; path = Info.plist; sourceTree = "<group>"; };
		48BC8545231AAD93002F6543 /* HootUITests.xctest */ = {isa = PBXFileReference; explicitFileType = wrapper.cfbundle; includeInIndex = 0; path = HootUITests.xctest; sourceTree = BUILT_PRODUCTS_DIR; };
		48BC8549231AAD93002F6543 /* HootUITests.swift */ = {isa = PBXFileReference; lastKnownFileType = sourcecode.swift; path = HootUITests.swift; sourceTree = "<group>"; };
		48BC854B231AAD93002F6543 /* Info.plist */ = {isa = PBXFileReference; lastKnownFileType = text.plist.xml; path = Info.plist; sourceTree = "<group>"; };
/* End PBXFileReference section */

/* Begin PBXFrameworksBuildPhase section */
		48BC8520231AAD91002F6543 /* Frameworks */ = {
			isa = PBXFrameworksBuildPhase;
			buildActionMask = 2147483647;
			files = (
			);
			runOnlyForDeploymentPostprocessing = 0;
		};
		48BC8537231AAD93002F6543 /* Frameworks */ = {
			isa = PBXFrameworksBuildPhase;
			buildActionMask = 2147483647;
			files = (
			);
			runOnlyForDeploymentPostprocessing = 0;
		};
		48BC8542231AAD93002F6543 /* Frameworks */ = {
			isa = PBXFrameworksBuildPhase;
			buildActionMask = 2147483647;
			files = (
			);
			runOnlyForDeploymentPostprocessing = 0;
		};
/* End PBXFrameworksBuildPhase section */

/* Begin PBXGroup section */
		48BC851A231AAD91002F6543 = {
			isa = PBXGroup;
			children = (
				48BC8525231AAD91002F6543 /* Hoot */,
				48BC853D231AAD93002F6543 /* HootTests */,
				48BC8548231AAD93002F6543 /* HootUITests */,
				48BC8524231AAD91002F6543 /* Products */,
			);
			sourceTree = "<group>";
		};
		48BC8524231AAD91002F6543 /* Products */ = {
			isa = PBXGroup;
			children = (
				48BC8523231AAD91002F6543 /* Hoot.app */,
				48BC853A231AAD93002F6543 /* HootTests.xctest */,
				48BC8545231AAD93002F6543 /* HootUITests.xctest */,
			);
			name = Products;
			sourceTree = "<group>";
		};
		48BC8525231AAD91002F6543 /* Hoot */ = {
			isa = PBXGroup;
			children = (
				48BC8526231AAD91002F6543 /* AppDelegate.swift */,
				48BC8528231AAD91002F6543 /* ViewController.swift */,
				48BC852A231AAD91002F6543 /* Main.storyboard */,
				48BC8530231AAD93002F6543 /* Assets.xcassets */,
				48BC8532231AAD93002F6543 /* LaunchScreen.storyboard */,
				48BC8535231AAD93002F6543 /* Info.plist */,
				48BC852D231AAD91002F6543 /* Hoot.xcdatamodeld */,
			);
			path = Hoot;
			sourceTree = "<group>";
		};
		48BC853D231AAD93002F6543 /* HootTests */ = {
			isa = PBXGroup;
			children = (
				48BC853E231AAD93002F6543 /* HootTests.swift */,
				48BC8540231AAD93002F6543 /* Info.plist */,
			);
			path = HootTests;
			sourceTree = "<group>";
		};
		48BC8548231AAD93002F6543 /* HootUITests */ = {
			isa = PBXGroup;
			children = (
				48BC8549231AAD93002F6543 /* HootUITests.swift */,
				48BC854B231AAD93002F6543 /* Info.plist */,
			);
			path = HootUITests;
			sourceTree = "<group>";
		};
/* End PBXGroup section */

/* Begin PBXNativeTarget section */
		48BC8522231AAD91002F6543 /* Hoot */ = {
			isa = PBXNativeTarget;
			buildConfigurationList = 48BC854E231AAD93002F6543 /* Build configuration list for PBXNativeTarget "Hoot" */;
			buildPhases = (
				48BC851F231AAD91002F6543 /* Sources */,
				48BC8520231AAD91002F6543 /* Frameworks */,
				48BC8521231AAD91002F6543 /* Resources */,
			);
			buildRules = (
			);
			dependencies = (
			);
			name = Hoot;
			productName = Hoot;
			productReference = 48BC8523231AAD91002F6543 /* Hoot.app */;
			productType = "com.apple.product-type.application";
		};
		48BC8539231AAD93002F6543 /* HootTests */ = {
			isa = PBXNativeTarget;
			buildConfigurationList = 48BC8551231AAD93002F6543 /* Build configuration list for PBXNativeTarget "HootTests" */;
			buildPhases = (
				48BC8536231AAD93002F6543 /* Sources */,
				48BC8537231AAD93002F6543 /* Frameworks */,
				48BC8538231AAD93002F6543 /* Resources */,
			);
			buildRules = (
			);
			dependencies = (
				48BC853C231AAD93002F6543 /* PBXTargetDependency */,
			);
			name = HootTests;
			productName = HootTests;
			productReference = 48BC853A231AAD93002F6543 /* HootTests.xctest */;
			productType = "com.apple.product-type.bundle.unit-test";
		};
		48BC8544231AAD93002F6543 /* HootUITests */ = {
			isa = PBXNativeTarget;
			buildConfigurationList = 48BC8554231AAD93002F6543 /* Build configuration list for PBXNativeTarget "HootUITests" */;
			buildPhases = (
				48BC8541231AAD93002F6543 /* Sources */,
				48BC8542231AAD93002F6543 /* Frameworks */,
				48BC8543231AAD93002F6543 /* Resources */,
			);
			buildRules = (
			);
			dependencies = (
				48BC8547231AAD93002F6543 /* PBXTargetDependency */,
			);
			name = HootUITests;
			productName = HootUITests;
			productReference = 48BC8545231AAD93002F6543 /* HootUITests.xctest */;
			productType = "com.apple.product-type.bundle.ui-testing";
		};
/* End PBXNativeTarget section */

/* Begin PBXProject section */
		48BC851B231AAD91002F6543 /* Project object */ = {
			isa = PBXProject;
			attributes = {
				LastSwiftUpdateCheck = 1030;
				LastUpgradeCheck = 1030;
				ORGANIZATIONNAME = "Kristian Helenius";
				TargetAttributes = {
					48BC8522231AAD91002F6543 = {
						CreatedOnToolsVersion = 10.3;
					};
					48BC8539231AAD93002F6543 = {
						CreatedOnToolsVersion = 10.3;
						TestTargetID = 48BC8522231AAD91002F6543;
					};
					48BC8544231AAD93002F6543 = {
						CreatedOnToolsVersion = 10.3;
						TestTargetID = 48BC8522231AAD91002F6543;
					};
				};
			};
			buildConfigurationList = 48BC851E231AAD91002F6543 /* Build configuration list for PBXProject "Hoot" */;
			compatibilityVersion = "Xcode 9.3";
			developmentRegion = en;
			hasScannedForEncodings = 0;
			knownRegions = (
				en,
				Base,
			);
			mainGroup = 48BC851A231AAD91002F6543;
			productRefGroup = 48BC8524231AAD91002F6543 /* Products */;
			projectDirPath = "";
			projectRoot = "";
			targets = (
				48BC8522231AAD91002F6543 /* Hoot */,
				48BC8539231AAD93002F6543 /* HootTests */,
				48BC8544231AAD93002F6543 /* HootUITests */,
			);
		};
/* End PBXProject section */

/* Begin PBXResourcesBuildPhase section */
		48BC8521231AAD91002F6543 /* Resources */ = {
			isa = PBXResourcesBuildPhase;
			buildActionMask = 2147483647;
			files = (
				48BC8534231AAD93002F6543 /* LaunchScreen.storyboard in Resources */,
				48BC8531231AAD93002F6543 /* Assets.xcassets in Resources */,
				48BC852C231AAD91002F6543 /* Main.storyboard in Resources */,
			);
			runOnlyForDeploymentPostprocessing = 0;
		};
		48BC8538231AAD93002F6543 /* Resources */ = {
			isa = PBXResourcesBuildPhase;
			buildActionMask = 2147483647;
			files = (
			);
			runOnlyForDeploymentPostprocessing = 0;
		};
		48BC8543231AAD93002F6543 /* Resources */ = {
			isa = PBXResourcesBuildPhase;
			buildActionMask = 2147483647;
			files = (
			);
			runOnlyForDeploymentPostprocessing = 0;
		};
/* End PBXResourcesBuildPhase section */

/* Begin PBXSourcesBuildPhase section */
		48BC851F231AAD91002F6543 /* Sources */ = {
			isa = PBXSourcesBuildPhase;
			buildActionMask = 2147483647;
			files = (
				48BC852F231AAD91002F6543 /* Hoot.xcdatamodeld in Sources */,
				48BC8529231AAD91002F6543 /* ViewController.swift in Sources */,
				48BC8527231AAD91002F6543 /* AppDelegate.swift in Sources */,
			);
			runOnlyForDeploymentPostprocessing = 0;
		};
		48BC8536231AAD93002F6543 /* Sources */ = {
			isa = PBXSourcesBuildPhase;
			buildActionMask = 2147483647;
			files = (
				48BC853F231AAD93002F6543 /* HootTests.swift in Sources */,
			);
			runOnlyForDeploymentPostprocessing = 0;
		};
		48BC8541231AAD93002F6543 /* Sources */ = {
			isa = PBXSourcesBuildPhase;
			buildActionMask = 2147483647;
			files = (
				48BC854A231AAD93002F6543 /* HootUITests.swift in Sources */,
			);
			runOnlyForDeploymentPostprocessing = 0;
		};
/* End PBXSourcesBuildPhase section */

/* Begin PBXTargetDependency section */
		48BC853C231AAD93002F6543 /* PBXTargetDependency */ = {
			isa = PBXTargetDependency;
			target = 48BC8522231AAD91002F6543 /* Hoot */;
			targetProxy = 48BC853B231AAD93002F6543 /* PBXContainerItemProxy */;
		};
		48BC8547231AAD93002F6543 /* PBXTargetDependency */ = {
			isa = PBXTargetDependency;
			target = 48BC8522231AAD91002F6543 /* Hoot */;
			targetProxy = 48BC8546231AAD93002F6543 /* PBXContainerItemProxy */;
		};
/* End PBXTargetDependency section */

/* Begin PBXVariantGroup section */
		48BC852A231AAD91002F6543 /* Main.storyboard */ = {
			isa = PBXVariantGroup;
			children = (
				48BC852B231AAD91002F6543 /* Base */,
			);
			name = Main.storyboard;
			sourceTree = "<group>";
		};
		48BC8532231AAD93002F6543 /* LaunchScreen.storyboard */ = {
			isa = PBXVariantGroup;
			children = (
				48BC8533231AAD93002F6543 /* Base */,
			);
			name = LaunchScreen.storyboard;
			sourceTree = "<group>";
		};
/* End PBXVariantGroup section */

/* Begin XCBuildConfiguration section */
		48BC854C231AAD93002F6543 /* Debug */ = {
			isa = XCBuildConfiguration;
			buildSettings = {
				ALWAYS_SEARCH_USER_PATHS = NO;
				CLANG_ANALYZER_NONNULL = YES;
				CLANG_ANALYZER_NUMBER_OBJECT_CONVERSION = YES_AGGRESSIVE;
				CLANG_CXX_LANGUAGE_STANDARD = "gnu++14";
				CLANG_CXX_LIBRARY = "libc++";
				CLANG_ENABLE_MODULES = YES;
				CLANG_ENABLE_OBJC_ARC = YES;
				CLANG_ENABLE_OBJC_WEAK = YES;
				CLANG_WARN_BLOCK_CAPTURE_AUTORELEASING = YES;
				CLANG_WARN_BOOL_CONVERSION = YES;
				CLANG_WARN_COMMA = YES;
				CLANG_WARN_CONSTANT_CONVERSION = YES;
				CLANG_WARN_DEPRECATED_OBJC_IMPLEMENTATIONS = YES;
				CLANG_WARN_DIRECT_OBJC_ISA_USAGE = YES_ERROR;
				CLANG_WARN_DOCUMENTATION_COMMENTS = YES;
				CLANG_WARN_EMPTY_BODY = YES;
				CLANG_WARN_ENUM_CONVERSION = YES;
				CLANG_WARN_INFINITE_RECURSION = YES;
				CLANG_WARN_INT_CONVERSION = YES;
				CLANG_WARN_NON_LITERAL_NULL_CONVERSION = YES;
				CLANG_WARN_OBJC_IMPLICIT_RETAIN_SELF = YES;
				CLANG_WARN_OBJC_LITERAL_CONVERSION = YES;
				CLANG_WARN_OBJC_ROOT_CLASS = YES_ERROR;
				CLANG_WARN_RANGE_LOOP_ANALYSIS = YES;
				CLANG_WARN_STRICT_PROTOTYPES = YES;
				CLANG_WARN_SUSPICIOUS_MOVE = YES;
				CLANG_WARN_UNGUARDED_AVAILABILITY = YES_AGGRESSIVE;
				CLANG_WARN_UNREACHABLE_CODE = YES;
				CLANG_WARN__DUPLICATE_METHOD_MATCH = YES;
				CODE_SIGN_IDENTITY = "iPhone Developer";
				COPY_PHASE_STRIP = NO;
				DEBUG_INFORMATION_FORMAT = dwarf;
				ENABLE_STRICT_OBJC_MSGSEND = YES;
				ENABLE_TESTABILITY = YES;
				GCC_C_LANGUAGE_STANDARD = gnu11;
				GCC_DYNAMIC_NO_PIC = NO;
				GCC_NO_COMMON_BLOCKS = YES;
				GCC_OPTIMIZATION_LEVEL = 0;
				GCC_PREPROCESSOR_DEFINITIONS = (
					"DEBUG=1",
					"$(inherited)",
				);
				GCC_WARN_64_TO_32_BIT_CONVERSION = YES;
				GCC_WARN_ABOUT_RETURN_TYPE = YES_ERROR;
				GCC_WARN_UNDECLARED_SELECTOR = YES;
				GCC_WARN_UNINITIALIZED_AUTOS = YES_AGGRESSIVE;
				GCC_WARN_UNUSED_FUNCTION = YES;
				GCC_WARN_UNUSED_VARIABLE = YES;
				IPHONEOS_DEPLOYMENT_TARGET = 12.4;
				MTL_ENABLE_DEBUG_INFO = INCLUDE_SOURCE;
				MTL_FAST_MATH = YES;
				ONLY_ACTIVE_ARCH = YES;
				SDKROOT = iphoneos;
				SWIFT_ACTIVE_COMPILATION_CONDITIONS = DEBUG;
				SWIFT_OPTIMIZATION_LEVEL = "-Onone";
			};
			name = Debug;
		};
		48BC854D231AAD93002F6543 /* Release */ = {
			isa = XCBuildConfiguration;
			buildSettings = {
				ALWAYS_SEARCH_USER_PATHS = NO;
				CLANG_ANALYZER_NONNULL = YES;
				CLANG_ANALYZER_NUMBER_OBJECT_CONVERSION = YES_AGGRESSIVE;
				CLANG_CXX_LANGUAGE_STANDARD = "gnu++14";
				CLANG_CXX_LIBRARY = "libc++";
				CLANG_ENABLE_MODULES = YES;
				CLANG_ENABLE_OBJC_ARC = YES;
				CLANG_ENABLE_OBJC_WEAK = YES;
				CLANG_WARN_BLOCK_CAPTURE_AUTORELEASING = YES;
				CLANG_WARN_BOOL_CONVERSION = YES;
				CLANG_WARN_COMMA = YES;
				CLANG_WARN_CONSTANT_CONVERSION = YES;
				CLANG_WARN_DEPRECATED_OBJC_IMPLEMENTATIONS = YES;
				CLANG_WARN_DIRECT_OBJC_ISA_USAGE = YES_ERROR;
				CLANG_WARN_DOCUMENTATION_COMMENTS = YES;
				CLANG_WARN_EMPTY_BODY = YES;
				CLANG_WARN_ENUM_CONVERSION = YES;
				CLANG_WARN_INFINITE_RECURSION = YES;
				CLANG_WARN_INT_CONVERSION = YES;
				CLANG_WARN_NON_LITERAL_NULL_CONVERSION = YES;
				CLANG_WARN_OBJC_IMPLICIT_RETAIN_SELF = YES;
				CLANG_WARN_OBJC_LITERAL_CONVERSION = YES;
				CLANG_WARN_OBJC_ROOT_CLASS = YES_ERROR;
				CLANG_WARN_RANGE_LOOP_ANALYSIS = YES;
				CLANG_WARN_STRICT_PROTOTYPES = YES;
				CLANG_WARN_SUSPICIOUS_MOVE = YES;
				CLANG_WARN_UNGUARDED_AVAILABILITY = YES_AGGRESSIVE;
				CLANG_WARN_UNREACHABLE_CODE = YES;
				CLANG_WARN__DUPLICATE_METHOD_MATCH = YES;
				CODE_SIGN_IDENTITY = "iPhone Developer";
				COPY_PHASE_STRIP = NO;
				DEBUG_INFORMATION_FORMAT = "dwarf-with-dsym";
				ENABLE_NS_ASSERTIONS = NO;
				ENABLE_STRICT_OBJC_MSGSEND = YES;
				GCC_C_LANGUAGE_STANDARD = gnu11;
				GCC_NO_COMMON_BLOCKS = YES;
				GCC_WARN_64_TO_32_BIT_CONVERSION = YES;
				GCC_WARN_ABOUT_RETURN_TYPE = YES_ERROR;
				GCC_WARN_UNDECLARED_SELECTOR = YES;
				GCC_WARN_UNINITIALIZED_AUTOS = YES_AGGRESSIVE;
				GCC_WARN_UNUSED_FUNCTION = YES;
				GCC_WARN_UNUSED_VARIABLE = YES;
				IPHONEOS_DEPLOYMENT_TARGET = 12.4;
				MTL_ENABLE_DEBUG_INFO = NO;
				MTL_FAST_MATH = YES;
				SDKROOT = iphoneos;
				SWIFT_COMPILATION_MODE = wholemodule;
				SWIFT_OPTIMIZATION_LEVEL = "-O";
				VALIDATE_PRODUCT = YES;
			};
			name = Release;
		};
		48BC854F231AAD93002F6543 /* Debug */ = {
			isa = XCBuildConfiguration;
			buildSettings = {
				ASSETCATALOG_COMPILER_APPICON_NAME = AppIcon;
				CODE_SIGN_STYLE = Automatic;
				DEVELOPMENT_TEAM = 7L9D446N7H;
				INFOPLIST_FILE = Hoot/Info.plist;
				LD_RUNPATH_SEARCH_PATHS = (
					"$(inherited)",
					"@executable_path/Frameworks",
				);
				PRODUCT_BUNDLE_IDENTIFIER = GoldenPot.Hoot;
				PRODUCT_NAME = "$(TARGET_NAME)";
				SWIFT_VERSION = 5.0;
				TARGETED_DEVICE_FAMILY = "1,2";
			};
			name = Debug;
		};
		48BC8550231AAD93002F6543 /* Release */ = {
			isa = XCBuildConfiguration;
			buildSettings = {
				ASSETCATALOG_COMPILER_APPICON_NAME = AppIcon;
				CODE_SIGN_STYLE = Automatic;
				DEVELOPMENT_TEAM = 7L9D446N7H;
				INFOPLIST_FILE = Hoot/Info.plist;
				LD_RUNPATH_SEARCH_PATHS = (
					"$(inherited)",
					"@executable_path/Frameworks",
				);
				PRODUCT_BUNDLE_IDENTIFIER = GoldenPot.Hoot;
				PRODUCT_NAME = "$(TARGET_NAME)";
				SWIFT_VERSION = 5.0;
				TARGETED_DEVICE_FAMILY = "1,2";
			};
			name = Release;
		};
		48BC8552231AAD93002F6543 /* Debug */ = {
			isa = XCBuildConfiguration;
			buildSettings = {
				ALWAYS_EMBED_SWIFT_STANDARD_LIBRARIES = YES;
				BUNDLE_LOADER = "$(TEST_HOST)";
				CODE_SIGN_STYLE = Automatic;
				DEVELOPMENT_TEAM = 7L9D446N7H;
				INFOPLIST_FILE = HootTests/Info.plist;
				LD_RUNPATH_SEARCH_PATHS = (
					"$(inherited)",
					"@executable_path/Frameworks",
					"@loader_path/Frameworks",
				);
				PRODUCT_BUNDLE_IDENTIFIER = GoldenPot.HootTests;
				PRODUCT_NAME = "$(TARGET_NAME)";
				SWIFT_VERSION = 5.0;
				TARGETED_DEVICE_FAMILY = "1,2";
				TEST_HOST = "$(BUILT_PRODUCTS_DIR)/Hoot.app/Hoot";
			};
			name = Debug;
		};
		48BC8553231AAD93002F6543 /* Release */ = {
			isa = XCBuildConfiguration;
			buildSettings = {
				ALWAYS_EMBED_SWIFT_STANDARD_LIBRARIES = YES;
				BUNDLE_LOADER = "$(TEST_HOST)";
				CODE_SIGN_STYLE = Automatic;
				DEVELOPMENT_TEAM = 7L9D446N7H;
				INFOPLIST_FILE = HootTests/Info.plist;
				LD_RUNPATH_SEARCH_PATHS = (
					"$(inherited)",
					"@executable_path/Frameworks",
					"@loader_path/Frameworks",
				);
				PRODUCT_BUNDLE_IDENTIFIER = GoldenPot.HootTests;
				PRODUCT_NAME = "$(TARGET_NAME)";
				SWIFT_VERSION = 5.0;
				TARGETED_DEVICE_FAMILY = "1,2";
				TEST_HOST = "$(BUILT_PRODUCTS_DIR)/Hoot.app/Hoot";
			};
			name = Release;
		};
		48BC8555231AAD93002F6543 /* Debug */ = {
			isa = XCBuildConfiguration;
			buildSettings = {
				ALWAYS_EMBED_SWIFT_STANDARD_LIBRARIES = YES;
				CODE_SIGN_STYLE = Automatic;
				DEVELOPMENT_TEAM = 7L9D446N7H;
				INFOPLIST_FILE = HootUITests/Info.plist;
				LD_RUNPATH_SEARCH_PATHS = (
					"$(inherited)",
					"@executable_path/Frameworks",
					"@loader_path/Frameworks",
				);
				PRODUCT_BUNDLE_IDENTIFIER = GoldenPot.HootUITests;
				PRODUCT_NAME = "$(TARGET_NAME)";
				SWIFT_VERSION = 5.0;
				TARGETED_DEVICE_FAMILY = "1,2";
				TEST_TARGET_NAME = Hoot;
			};
			name = Debug;
		};
		48BC8556231AAD93002F6543 /* Release */ = {
			isa = XCBuildConfiguration;
			buildSettings = {
				ALWAYS_EMBED_SWIFT_STANDARD_LIBRARIES = YES;
				CODE_SIGN_STYLE = Automatic;
				DEVELOPMENT_TEAM = 7L9D446N7H;
				INFOPLIST_FILE = HootUITests/Info.plist;
				LD_RUNPATH_SEARCH_PATHS = (
					"$(inherited)",
					"@executable_path/Frameworks",
					"@loader_path/Frameworks",
				);
				PRODUCT_BUNDLE_IDENTIFIER = GoldenPot.HootUITests;
				PRODUCT_NAME = "$(TARGET_NAME)";
				SWIFT_VERSION = 5.0;
				TARGETED_DEVICE_FAMILY = "1,2";
				TEST_TARGET_NAME = Hoot;
			};
			name = Release;
		};
/* End XCBuildConfiguration section */

/* Begin XCConfigurationList section */
		48BC851E231AAD91002F6543 /* Build configuration list for PBXProject "Hoot" */ = {
			isa = XCConfigurationList;
			buildConfigurations = (
				48BC854C231AAD93002F6543 /* Debug */,
				48BC854D231AAD93002F6543 /* Release */,
			);
			defaultConfigurationIsVisible = 0;
			defaultConfigurationName = Release;
		};
		48BC854E231AAD93002F6543 /* Build configuration list for PBXNativeTarget "Hoot" */ = {
			isa = XCConfigurationList;
			buildConfigurations = (
				48BC854F231AAD93002F6543 /* Debug */,
				48BC8550231AAD93002F6543 /* Release */,
			);
			defaultConfigurationIsVisible = 0;
			defaultConfigurationName = Release;
		};
		48BC8551231AAD93002F6543 /* Build configuration list for PBXNativeTarget "HootTests" */ = {
			isa = XCConfigurationList;
			buildConfigurations = (
				48BC8552231AAD93002F6543 /* Debug */,
				48BC8553231AAD93002F6543 /* Release */,
			);
			defaultConfigurationIsVisible = 0;
			defaultConfigurationName = Release;
		};
		48BC8554231AAD93002F6543 /* Build configuration list for PBXNativeTarget "HootUITests" */ = {
			isa = XCConfigurationList;
			buildConfigurations = (
				48BC8555231AAD93002F6543 /* Debug */,
				48BC8556231AAD93002F6543 /* Release */,
			);
			defaultConfigurationIsVisible = 0;
			defaultConfigurationName = Release;
		};
/* End XCConfigurationList section */

/* Begin XCVersionGroup section */
		48BC852D231AAD91002F6543 /* Hoot.xcdatamodeld */ = {
			isa = XCVersionGroup;
			children = (
				48BC852E231AAD91002F6543 /* Hoot.xcdatamodel */,
			);
			currentVersion = 48BC852E231AAD91002F6543 /* Hoot.xcdatamodel */;
			path = Hoot.xcdatamodeld;
			sourceTree = "<group>";
			versionGroupType = wrapper.xcdatamodel;
		};
/* End XCVersionGroup section */
	};
	rootObject = 48BC851B231AAD91002F6543 /* Project object */;
}
